Microsoft Visual Studio Solution File, Format Version 12.00
# Visual Studio 2012
Project("{FAE04EC0-301F-11D3-BF4B-00C04F79EFBC}") = "QuiteApp", "QuiteApp.csproj", "{E0B703E6-50F8-4B03-A34A-E6CE8F19496F}"
EndProject
Global
	GlobalSection(SolutionConfigurationPlatforms) = preSolution
	Debug|Any CPU = Debug|Any CPU
	ExportDebug|Any CPU = ExportDebug|Any CPU
	ExportRelease|Any CPU = ExportRelease|Any CPU
	EndGlobalSection
	GlobalSection(ProjectConfigurationPlatforms) = postSolution
		{E0B703E6-50F8-4B03-A34A-E6CE8F19496F}.Debug|Any CPU.ActiveCfg = Debug|Any CPU
		{E0B703E6-50F8-4B03-A34A-E6CE8F19496F}.Debug|Any CPU.Build.0 = Debug|Any CPU
		{E0B703E6-50F8-4B03-A34A-E6CE8F19496F}.ExportDebug|Any CPU.ActiveCfg = ExportDebug|Any CPU
		{E0B703E6-50F8-4B03-A34A-E6CE8F19496F}.ExportDebug|Any CPU.Build.0 = ExportDebug|Any CPU
		{E0B703E6-50F8-4B03-A34A-E6CE8F19496F}.ExportRelease|Any CPU.ActiveCfg = ExportRelease|Any CPU
		{E0B703E6-50F8-4B03-A34A-E6CE8F19496F}.ExportRelease|Any CPU.Build.0 = ExportRelease|Any CPU
	EndGlobalSection
EndGlobal
